
Microsoft Visual Studio Solution File, Format Version 12.00
Project("{FAE04EC0-301F-11D3-BF4B-00C04F79EFBC}") = "ToDoApp.Api", "ToDoApp.Api\ToDoApp.Api.csproj", "{C23055C7-5848-4214-A5E7-52837D6F4D47}"
EndProject
Project("{FAE04EC0-301F-11D3-BF4B-00C04F79EFBC}") = "ToDoApp.Core", "ToDoApp.Core\ToDoApp.Core.csproj", "{555AECF9-EC56-4BBD-B038-8D0111EF32F0}"
EndProject
Project("{FAE04EC0-301F-11D3-BF4B-00C04F79EFBC}") = "ToDoApp.Infrastructure", "ToDoApp.Infrastructure\ToDoApp.Infrastructure.csproj", "{25C5A379-94C4-46CC-ADB5-775A477EAD1D}"
EndProject
Project("{2150E333-8FDC-42A3-9474-1A3956D46DE8}") = "solution items", "solution items", "{74223F18-6FD7-44F8-9CBF-01576ECBFE23}"
	ProjectSection(SolutionItems) = preProject
		docker-compose.yaml = docker-compose.yaml
		Dockerfile = Dockerfile
	EndProjectSection
EndProject
Global
	GlobalSection(SolutionConfigurationPlatforms) = preSolution
		Debug|Any CPU = Debug|Any CPU
		Release|Any CPU = Release|Any CPU
	EndGlobalSection
	GlobalSection(ProjectConfigurationPlatforms) = postSolution
		{C23055C7-5848-4214-A5E7-52837D6F4D47}.Debug|Any CPU.ActiveCfg = Debug|Any CPU
		{C23055C7-5848-4214-A5E7-52837D6F4D47}.Debug|Any CPU.Build.0 = Debug|Any CPU
		{C23055C7-5848-4214-A5E7-52837D6F4D47}.Release|Any CPU.ActiveCfg = Release|Any CPU
		{C23055C7-5848-4214-A5E7-52837D6F4D47}.Release|Any CPU.Build.0 = Release|Any CPU
		{555AECF9-EC56-4BBD-B038-8D0111EF32F0}.Debug|Any CPU.ActiveCfg = Debug|Any CPU
		{555AECF9-EC56-4BBD-B038-8D0111EF32F0}.Debug|Any CPU.Build.0 = Debug|Any CPU
		{555AECF9-EC56-4BBD-B038-8D0111EF32F0}.Release|Any CPU.ActiveCfg = Release|Any CPU
		{555AECF9-EC56-4BBD-B038-8D0111EF32F0}.Release|Any CPU.Build.0 = Release|Any CPU
		{25C5A379-94C4-46CC-ADB5-775A477EAD1D}.Debug|Any CPU.ActiveCfg = Debug|Any CPU
		{25C5A379-94C4-46CC-ADB5-775A477EAD1D}.Debug|Any CPU.Build.0 = Debug|Any CPU
		{25C5A379-94C4-46CC-ADB5-775A477EAD1D}.Release|Any CPU.ActiveCfg = Release|Any CPU
		{25C5A379-94C4-46CC-ADB5-775A477EAD1D}.Release|Any CPU.Build.0 = Release|Any CPU
	EndGlobalSection
EndGlobal
